{
  "format_version": "1.2",
  "terraform_version": "1.7.2",
  "planned_values": {
    "outputs": {
      "string": {
        "sensitive": false,
        "type": "string",
        "value": "some text 1"
      }
    },
    "root_module": {
      "resources": [
        {
          "address": "local_file.foo",
          "mode": "managed",
          "type": "local_file",
          "name": "foo",
          "provider_name": "registry.terraform.io/hashicorp/local",
          "schema_version": 0,
          "values": {
            "content": "{\"array_changed\":[\"foo2\",\"bar\",\"baz2\"],\"array_item_added\":[\"foo\",\"bar\",\"baz\",\"biz\"],\"array_item_removed\":[\"foo\",\"baz\"],\"array_new\":[\"foo\",\"bar\",\"baz\"],\"array_to_object\":{\"0\":\"foo\",\"1\":\"bar\",\"2\":\"baz\"},\"array_unchanged\":[\"foo\",\"bar\",\"baz\"],\"number_changed\":14,\"number_new\":14,\"number_unchanged\":10,\"object_changed\":{\"key\":\"new value\"},\"object_new\":{\"key\":\"value\"},\"object_unchanged\":{\"key\":\"value\"},\"string_changed\":\"bar changed\",\"string_new\":\"new\",\"string_unchanged\":\"foo\"}",
            "content_base64": null,
            "directory_permission": "0777",
            "file_permission": "0660",
            "filename": "./foo.bar",
            "sensitive_content": null,
            "source": null
          },
          "sensitive_values": {}
        },
        {
          "address": "null_resource.cluster",
          "mode": "managed",
          "type": "null_resource",
          "name": "cluster",
          "provider_name": "registry.terraform.io/hashicorp/null",
          "schema_version": 0,
          "values": {
            "triggers": {
              "secret": "still secure"
            }
          },
          "sensitive_values": {
            "triggers": {}
          }
        },
        {
          "address": "null_resource.cluster_new",
          "mode": "managed",
          "type": "null_resource",
          "name": "cluster_new",
          "provider_name": "registry.terraform.io/hashicorp/null",
          "schema_version": 0,
          "values": {
            "triggers": {
              "secret": "very very secure"
            }
          },
          "sensitive_values": {
            "triggers": {}
          }
        },
        {
          "address": "time_offset.example",
          "mode": "managed",
          "type": "time_offset",
          "name": "example",
          "provider_name": "registry.terraform.io/hashicorp/time",
          "schema_version": 0,
          "values": {
            "base_rfc3339": "2024-05-24T12:48:02Z",
            "day": 1,
            "hour": 12,
            "id": "2024-05-24T12:48:02Z",
            "minute": 48,
            "month": 6,
            "offset_days": 8,
            "offset_hours": null,
            "offset_minutes": null,
            "offset_months": null,
            "offset_seconds": null,
            "offset_years": null,
            "rfc3339": "2024-06-01T12:48:02Z",
            "second": 2,
            "triggers": null,
            "unix": 1717246082,
            "year": 2024
          },
          "sensitive_values": {}
        }
      ]
    }
  },
  "resource_changes": [
    {
      "address": "local_file.foo",
      "mode": "managed",
      "type": "local_file",
      "name": "foo",
      "provider_name": "registry.terraform.io/hashicorp/local",
      "change": {
        "actions": [
          "delete",
          "create"
        ],
        "before": {
          "content": "{\"array_changed\":[\"foo\",\"bar\",\"baz\"],\"array_item_added\":[\"foo\",\"bar\",\"baz\"],\"array_item_removed\":[\"foo\",\"bar\",\"baz\"],\"array_removed\":[\"foo\",\"bar\",\"baz\"],\"array_to_object\":[\"foo\",\"bar\",\"baz\"],\"array_unchanged\":[\"foo\",\"bar\",\"baz\"],\"number_changed\":10,\"number_removed\":10,\"number_unchanged\":10,\"object_changed\":{\"key\":\"value\"},\"object_removed\":{\"key\":\"value\"},\"object_unchanged\":{\"key\":\"value\"},\"string_changed\":\"bar\",\"string_removed\":\"removed\",\"string_unchanged\":\"foo\"}",
          "content_base64": null,
          "content_base64sha256": "nIMhVlzPvgCIzeahBGJ/jEJLuCBuwIqx78vltuKjcyw=",
          "content_base64sha512": "WDetH1vI/Yy0tu49ZCyW/WySxstlQc3+T7vX0Ei0UaLvLKsd884Djd3raxFJS66NMgFZc1bpSxPKKDXmgz9drA==",
          "content_md5": "6f61fcba1ffd2b366fe358450f93b952",
          "content_sha1": "4dfb08a62fbd3d8737cd6a11c2360df3953dda51",
          "content_sha256": "9c8321565ccfbe0088cde6a104627f8c424bb8206ec08ab1efcbe5b6e2a3732c",
          "content_sha512": "5837ad1f5bc8fd8cb4b6ee3d642c96fd6c92c6cb6541cdfe4fbbd7d048b451a2ef2cab1df3ce038dddeb6b11494bae8d3201597356e94b13ca2835e6833f5dac",
          "directory_permission": "0777",
          "file_permission": "0777",
          "filename": "./foo.bar",
          "id": "4dfb08a62fbd3d8737cd6a11c2360df3953dda51",
          "sensitive_content": null,
          "source": null
        },
        "after": {
          "content": "{\"array_changed\":[\"foo2\",\"bar\",\"baz2\"],\"array_item_added\":[\"foo\",\"bar\",\"baz\",\"biz\"],\"array_item_removed\":[\"foo\",\"baz\"],\"array_new\":[\"foo\",\"bar\",\"baz\"],\"array_to_object\":{\"0\":\"foo\",\"1\":\"bar\",\"2\":\"baz\"},\"array_unchanged\":[\"foo\",\"bar\",\"baz\"],\"number_changed\":14,\"number_new\":14,\"number_unchanged\":10,\"object_changed\":{\"key\":\"new value\"},\"object_new\":{\"key\":\"value\"},\"object_unchanged\":{\"key\":\"value\"},\"string_changed\":\"bar changed\",\"string_new\":\"new\",\"string_unchanged\":\"foo\"}",
          "content_base64": null,
          "directory_permission": "0777",
          "file_permission": "0660",
          "filename": "./foo.bar",
          "sensitive_content": null,
          "source": null
        },
        "after_unknown": {
          "content_base64sha256": true,
          "content_base64sha512": true,
          "content_md5": true,
          "content_sha1": true,
          "content_sha256": true,
          "content_sha512": true,
          "id": true
        },
        "before_sensitive": {
          "sensitive_content": true
        },
        "after_sensitive": {
          "sensitive_content": true
        },
        "replace_paths": [
          [
            "file_permission"
          ],
          [
            "content"
          ]
        ]
      },
      "action_reason": "replace_because_cannot_update"
    },
    {
      "address": "null_resource.cluster",
      "mode": "managed",
      "type": "null_resource",
      "name": "cluster",
      "provider_name": "registry.terraform.io/hashicorp/null",
      "change": {
        "actions": [
          "delete",
          "create"
        ],
        "before": {
          "id": "8877858137778300212",
          "triggers": {
            "secret": "secure"
          }
        },
        "after": {
          "triggers": {
            "secret": "still secure"
          }
        },
        "after_unknown": {
          "id": true,
          "triggers": {}
        },
        "before_sensitive": {
          "triggers": {}
        },
        "after_sensitive": {
          "triggers": {}
        },
        "replace_paths": [
          [
            "triggers"
          ]
        ]
      },
      "action_reason": "replace_because_cannot_update"
    },
    {
      "address": "null_resource.cluster_new",
      "mode": "managed",
      "type": "null_resource",
      "name": "cluster_new",
      "provider_name": "registry.terraform.io/hashicorp/null",
      "change": {
        "actions": [
          "create"
        ],
        "before": null,
        "after": {
          "triggers": {
            "secret": "very very secure"
          }
        },
        "after_unknown": {
          "id": true,
          "triggers": {}
        },
        "before_sensitive": false,
        "after_sensitive": {
          "triggers": {}
        }
      }
    },
    {
      "address": "null_resource.cluster_old",
      "mode": "managed",
      "type": "null_resource",
      "name": "cluster_old",
      "provider_name": "registry.terraform.io/hashicorp/null",
      "change": {
        "actions": [
          "delete"
        ],
        "before": {
          "id": "2279065025739909102",
          "triggers": {
            "secret": "very very secure"
          }
        },
        "after": null,
        "after_unknown": {},
        "before_sensitive": {
          "triggers": {}
        },
        "after_sensitive": false
      },
      "action_reason": "delete_because_no_resource_config"
    },
    {
      "address": "time_offset.example",
      "mode": "managed",
      "type": "time_offset",
      "name": "example",
      "provider_name": "registry.terraform.io/hashicorp/time",
      "change": {
        "actions": [
          "update"
        ],
        "before": {
          "base_rfc3339": "2024-05-24T12:48:02Z",
          "day": 31,
          "hour": 12,
          "id": "2024-05-24T12:48:02Z",
          "minute": 48,
          "month": 5,
          "offset_days": 7,
          "offset_hours": null,
          "offset_minutes": null,
          "offset_months": null,
          "offset_seconds": null,
          "offset_years": null,
          "rfc3339": "2024-05-31T12:48:02Z",
          "second": 2,
          "triggers": null,
          "unix": 1717159682,
          "year": 2024
        },
        "after": {
          "base_rfc3339": "2024-05-24T12:48:02Z",
          "day": 1,
          "hour": 12,
          "id": "2024-05-24T12:48:02Z",
          "minute": 48,
          "month": 6,
          "offset_days": 8,
          "offset_hours": null,
          "offset_minutes": null,
          "offset_months": null,
          "offset_seconds": null,
          "offset_years": null,
          "rfc3339": "2024-06-01T12:48:02Z",
          "second": 2,
          "triggers": null,
          "unix": 1717246082,
          "year": 2024
        },
        "after_unknown": {},
        "before_sensitive": {},
        "after_sensitive": {}
      }
    }
  ],
  "output_changes": {
    "string": {
      "actions": [
        "update"
      ],
      "before": "some text",
      "after": "some text 1",
      "after_unknown": false,
      "before_sensitive": false,
      "after_sensitive": false
    }
  },
  "prior_state": {
    "format_version": "1.0",
    "terraform_version": "1.7.2",
    "values": {
      "outputs": {
        "string": {
          "sensitive": false,
          "value": "some text 1",
          "type": "string"
        }
      },
      "root_module": {
        "resources": [
          {
            "address": "local_file.foo",
            "mode": "managed",
            "type": "local_file",
            "name": "foo",
            "provider_name": "registry.terraform.io/hashicorp/local",
            "schema_version": 0,
            "values": {
              "content": "{\"array_changed\":[\"foo\",\"bar\",\"baz\"],\"array_item_added\":[\"foo\",\"bar\",\"baz\"],\"array_item_removed\":[\"foo\",\"bar\",\"baz\"],\"array_removed\":[\"foo\",\"bar\",\"baz\"],\"array_to_object\":[\"foo\",\"bar\",\"baz\"],\"array_unchanged\":[\"foo\",\"bar\",\"baz\"],\"number_changed\":10,\"number_removed\":10,\"number_unchanged\":10,\"object_changed\":{\"key\":\"value\"},\"object_removed\":{\"key\":\"value\"},\"object_unchanged\":{\"key\":\"value\"},\"string_changed\":\"bar\",\"string_removed\":\"removed\",\"string_unchanged\":\"foo\"}",
              "content_base64": null,
              "content_base64sha256": "nIMhVlzPvgCIzeahBGJ/jEJLuCBuwIqx78vltuKjcyw=",
              "content_base64sha512": "WDetH1vI/Yy0tu49ZCyW/WySxstlQc3+T7vX0Ei0UaLvLKsd884Djd3raxFJS66NMgFZc1bpSxPKKDXmgz9drA==",
              "content_md5": "6f61fcba1ffd2b366fe358450f93b952",
              "content_sha1": "4dfb08a62fbd3d8737cd6a11c2360df3953dda51",
              "content_sha256": "9c8321565ccfbe0088cde6a104627f8c424bb8206ec08ab1efcbe5b6e2a3732c",
              "content_sha512": "5837ad1f5bc8fd8cb4b6ee3d642c96fd6c92c6cb6541cdfe4fbbd7d048b451a2ef2cab1df3ce038dddeb6b11494bae8d3201597356e94b13ca2835e6833f5dac",
              "directory_permission": "0777",
              "file_permission": "0777",
              "filename": "./foo.bar",
              "id": "4dfb08a62fbd3d8737cd6a11c2360df3953dda51",
              "sensitive_content": null,
              "source": null
            },
            "sensitive_values": {
              "sensitive_content": true
            }
          },
          {
            "address": "null_resource.cluster",
            "mode": "managed",
            "type": "null_resource",
            "name": "cluster",
            "provider_name": "registry.terraform.io/hashicorp/null",
            "schema_version": 0,
            "values": {
              "id": "8877858137778300212",
              "triggers": {
                "secret": "secure"
              }
            },
            "sensitive_values": {
              "triggers": {}
            }
          },
          {
            "address": "null_resource.cluster_old",
            "mode": "managed",
            "type": "null_resource",
            "name": "cluster_old",
            "provider_name": "registry.terraform.io/hashicorp/null",
            "schema_version": 0,
            "values": {
              "id": "2279065025739909102",
              "triggers": {
                "secret": "very very secure"
              }
            },
            "sensitive_values": {
              "triggers": {}
            }
          },
          {
            "address": "time_offset.example",
            "mode": "managed",
            "type": "time_offset",
            "name": "example",
            "provider_name": "registry.terraform.io/hashicorp/time",
            "schema_version": 0,
            "values": {
              "base_rfc3339": "2024-05-24T12:48:02Z",
              "day": 31,
              "hour": 12,
              "id": "2024-05-24T12:48:02Z",
              "minute": 48,
              "month": 5,
              "offset_days": 7,
              "offset_hours": null,
              "offset_minutes": null,
              "offset_months": null,
              "offset_seconds": null,
              "offset_years": null,
              "rfc3339": "2024-05-31T12:48:02Z",
              "second": 2,
              "triggers": null,
              "unix": 1717159682,
              "year": 2024
            },
            "sensitive_values": {}
          }
        ]
      }
    }
  },
  "configuration": {
    "provider_config": {
      "local": {
        "name": "local",
        "full_name": "registry.terraform.io/hashicorp/local",
        "version_constraint": "2.5.1"
      },
      "null": {
        "name": "null",
        "full_name": "registry.terraform.io/hashicorp/null",
        "version_constraint": "3.2.2"
      },
      "time": {
        "name": "time",
        "full_name": "registry.terraform.io/hashicorp/time",
        "version_constraint": "0.11.1"
      }
    },
    "root_module": {
      "outputs": {
        "string": {
          "expression": {
            "constant_value": "some text 1"
          }
        }
      },
      "resources": [
        {
          "address": "local_file.foo",
          "mode": "managed",
          "type": "local_file",
          "name": "foo",
          "provider_config_key": "local",
          "expressions": {
            "content": {},
            "file_permission": {
              "constant_value": "0660"
            },
            "filename": {
              "references": [
                "path.module"
              ]
            }
          },
          "schema_version": 0
        },
        {
          "address": "null_resource.cluster",
          "mode": "managed",
          "type": "null_resource",
          "name": "cluster",
          "provider_config_key": "null",
          "expressions": {
            "triggers": {
              "constant_value": {
                "secret": "still secure"
              }
            }
          },
          "schema_version": 0
        },
        {
          "address": "null_resource.cluster_new",
          "mode": "managed",
          "type": "null_resource",
          "name": "cluster_new",
          "provider_config_key": "null",
          "expressions": {
            "triggers": {
              "constant_value": {
                "secret": "very very secure"
              }
            }
          },
          "schema_version": 0
        },
        {
          "address": "time_offset.example",
          "mode": "managed",
          "type": "time_offset",
          "name": "example",
          "provider_config_key": "time",
          "expressions": {
            "offset_days": {
              "constant_value": 8
            }
          },
          "schema_version": 0
        }
      ]
    }
  },
  "timestamp": "2024-05-24T12:48:02Z",
  "errored": false
}
